
Microsoft Visual Studio Solution File, Format Version 12.00
# Visual Studio Version 17
VisualStudioVersion = 17.1.32414.318
MinimumVisualStudioVersion = 10.0.40219.1
Project("{9A19103F-16F7-4668-BE54-9A1E7A4F7556}") = "FileLogger", "..\source\FileLogger\FileLogger.csproj", "{0EA84901-1968-4E15-AE35-451437FBF59C}"
EndProject
Project("{9A19103F-16F7-4668-BE54-9A1E7A4F7556}") = "FileLogger.Test", "FileLogger.Test\FileLogger.Test.csproj", "{1859A844-8CA9-4452-B4FB-B99A382C2E56}"
EndProject
Project("{9A19103F-16F7-4668-BE54-9A1E7A4F7556}") = "FileLogger.Json", "..\source\FileLogger.Json\FileLogger.Json.csproj", "{27751B18-399B-4054-A22B-996E366E6826}"
EndProject
Project("{2150E333-8FDC-42A3-9474-1A3956D46DE8}") = "References", "References", "{380F0212-456C-4CA5-B160-7CC944E19E3C}"
EndProject
Global
	GlobalSection(SolutionConfigurationPlatforms) = preSolution
		Debug|Any CPU = Debug|Any CPU
		Release|Any CPU = Release|Any CPU
	EndGlobalSection
	GlobalSection(ProjectConfigurationPlatforms) = postSolution
		{0EA84901-1968-4E15-AE35-451437FBF59C}.Debug|Any CPU.ActiveCfg = Debug|Any CPU
		{0EA84901-1968-4E15-AE35-451437FBF59C}.Debug|Any CPU.Build.0 = Debug|Any CPU
		{0EA84901-1968-4E15-AE35-451437FBF59C}.Release|Any CPU.ActiveCfg = Release|Any CPU
		{0EA84901-1968-4E15-AE35-451437FBF59C}.Release|Any CPU.Build.0 = Release|Any CPU
		{1859A844-8CA9-4452-B4FB-B99A382C2E56}.Debug|Any CPU.ActiveCfg = Debug|Any CPU
		{1859A844-8CA9-4452-B4FB-B99A382C2E56}.Debug|Any CPU.Build.0 = Debug|Any CPU
		{1859A844-8CA9-4452-B4FB-B99A382C2E56}.Release|Any CPU.ActiveCfg = Release|Any CPU
		{1859A844-8CA9-4452-B4FB-B99A382C2E56}.Release|Any CPU.Build.0 = Release|Any CPU
		{27751B18-399B-4054-A22B-996E366E6826}.Debug|Any CPU.ActiveCfg = Debug|Any CPU
		{27751B18-399B-4054-A22B-996E366E6826}.Debug|Any CPU.Build.0 = Debug|Any CPU
		{27751B18-399B-4054-A22B-996E366E6826}.Release|Any CPU.ActiveCfg = Release|Any CPU
		{27751B18-399B-4054-A22B-996E366E6826}.Release|Any CPU.Build.0 = Release|Any CPU
	EndGlobalSection
	GlobalSection(SolutionProperties) = preSolution
		HideSolutionNode = FALSE
	EndGlobalSection
	GlobalSection(NestedProjects) = preSolution
		{0EA84901-1968-4E15-AE35-451437FBF59C} = {380F0212-456C-4CA5-B160-7CC944E19E3C}
		{27751B18-399B-4054-A22B-996E366E6826} = {380F0212-456C-4CA5-B160-7CC944E19E3C}
	EndGlobalSection
	GlobalSection(ExtensibilityGlobals) = postSolution
		SolutionGuid = {39C02881-B53F-4CB3-9225-CD106A1861A3}
	EndGlobalSection
EndGlobal
