
Microsoft Visual Studio Solution File, Format Version 12.00
# Visual Studio 15
VisualStudioVersion = 15.0.26730.8
MinimumVisualStudioVersion = 10.0.40219.1
Project("{9A19103F-16F7-4668-BE54-9A1E7A4F7556}") = "FileLogger.Netstd20", "..\source\FileLogger\FileLogger.Netstd20.csproj", "{AEA3868D-DEDF-41FB-A200-07999C5E97A0}"
EndProject
Project("{9A19103F-16F7-4668-BE54-9A1E7A4F7556}") = "FileLogger.Test.Netstd20", "FileLogger.Test\FileLogger.Test.Netstd20.csproj", "{CB070060-7749-448F-B332-9C50F50C6FC0}"
EndProject
Project("{9A19103F-16F7-4668-BE54-9A1E7A4F7556}") = "FileLogger.Netstd13", "..\source\FileLogger\FileLogger.Netstd13.csproj", "{0EA84901-1968-4E15-AE35-451437FBF59C}"
EndProject
Project("{9A19103F-16F7-4668-BE54-9A1E7A4F7556}") = "FileLogger.Test.Netstd13", "FileLogger.Test\FileLogger.Test.Netstd13.csproj", "{1859A844-8CA9-4452-B4FB-B99A382C2E56}"
EndProject
Global
	GlobalSection(SolutionConfigurationPlatforms) = preSolution
		Debug|Any CPU = Debug|Any CPU
		Release|Any CPU = Release|Any CPU
	EndGlobalSection
	GlobalSection(ProjectConfigurationPlatforms) = postSolution
		{AEA3868D-DEDF-41FB-A200-07999C5E97A0}.Debug|Any CPU.ActiveCfg = Debug|Any CPU
		{AEA3868D-DEDF-41FB-A200-07999C5E97A0}.Debug|Any CPU.Build.0 = Debug|Any CPU
		{AEA3868D-DEDF-41FB-A200-07999C5E97A0}.Release|Any CPU.ActiveCfg = Release|Any CPU
		{AEA3868D-DEDF-41FB-A200-07999C5E97A0}.Release|Any CPU.Build.0 = Release|Any CPU
		{CB070060-7749-448F-B332-9C50F50C6FC0}.Debug|Any CPU.ActiveCfg = Debug|Any CPU
		{CB070060-7749-448F-B332-9C50F50C6FC0}.Debug|Any CPU.Build.0 = Debug|Any CPU
		{CB070060-7749-448F-B332-9C50F50C6FC0}.Release|Any CPU.ActiveCfg = Release|Any CPU
		{CB070060-7749-448F-B332-9C50F50C6FC0}.Release|Any CPU.Build.0 = Release|Any CPU
		{0EA84901-1968-4E15-AE35-451437FBF59C}.Debug|Any CPU.ActiveCfg = Debug|Any CPU
		{0EA84901-1968-4E15-AE35-451437FBF59C}.Debug|Any CPU.Build.0 = Debug|Any CPU
		{0EA84901-1968-4E15-AE35-451437FBF59C}.Release|Any CPU.ActiveCfg = Release|Any CPU
		{0EA84901-1968-4E15-AE35-451437FBF59C}.Release|Any CPU.Build.0 = Release|Any CPU
		{1859A844-8CA9-4452-B4FB-B99A382C2E56}.Debug|Any CPU.ActiveCfg = Debug|Any CPU
		{1859A844-8CA9-4452-B4FB-B99A382C2E56}.Debug|Any CPU.Build.0 = Debug|Any CPU
		{1859A844-8CA9-4452-B4FB-B99A382C2E56}.Release|Any CPU.ActiveCfg = Release|Any CPU
		{1859A844-8CA9-4452-B4FB-B99A382C2E56}.Release|Any CPU.Build.0 = Release|Any CPU
	EndGlobalSection
	GlobalSection(SolutionProperties) = preSolution
		HideSolutionNode = FALSE
	EndGlobalSection
	GlobalSection(ExtensibilityGlobals) = postSolution
		SolutionGuid = {39C02881-B53F-4CB3-9225-CD106A1861A3}
	EndGlobalSection
EndGlobal
