
Microsoft Visual Studio Solution File, Format Version 12.00
# Visual Studio Version 17
VisualStudioVersion = 17.7.34024.191
MinimumVisualStudioVersion = 10.0.40219.1
Project("{9A19103F-16F7-4668-BE54-9A1E7A4F7556}") = "CustomLogFormat", "CustomLogFormat\CustomLogFormat.csproj", "{B0B6F89F-97BF-4AA5-87F7-E478379281C4}"
EndProject
Project("{9A19103F-16F7-4668-BE54-9A1E7A4F7556}") = "CustomPathPlaceholder", "CustomPathPlaceholder\CustomPathPlaceholder.csproj", "{ED1CBD8F-2F1E-4EB7-99FC-0C751B0AAB40}"
EndProject
Project("{9A19103F-16F7-4668-BE54-9A1E7A4F7556}") = "LogRotation", "LogRotation\LogRotation.csproj", "{1B539C40-563A-4E85-BBFD-2BD0979470CE}"
EndProject
Project("{9A19103F-16F7-4668-BE54-9A1E7A4F7556}") = "SplitByLogLevel", "SplitByLogLevel\SplitByLogLevel.csproj", "{58CE98A8-082B-487E-8196-B824E6BBF627}"
EndProject
Project("{2150E333-8FDC-42A3-9474-1A3956D46DE8}") = "References", "References", "{150CCFE3-0BC4-4B3A-A29F-1E0F068ED0A7}"
EndProject
Project("{9A19103F-16F7-4668-BE54-9A1E7A4F7556}") = "FileLogger", "..\source\FileLogger\FileLogger.csproj", "{DD6221DA-E27F-4F69-A029-4BEDF2CB4DAC}"
EndProject
Global
	GlobalSection(SolutionConfigurationPlatforms) = preSolution
		Debug|Any CPU = Debug|Any CPU
		Release|Any CPU = Release|Any CPU
	EndGlobalSection
	GlobalSection(ProjectConfigurationPlatforms) = postSolution
		{B0B6F89F-97BF-4AA5-87F7-E478379281C4}.Debug|Any CPU.ActiveCfg = Debug|Any CPU
		{B0B6F89F-97BF-4AA5-87F7-E478379281C4}.Debug|Any CPU.Build.0 = Debug|Any CPU
		{B0B6F89F-97BF-4AA5-87F7-E478379281C4}.Release|Any CPU.ActiveCfg = Release|Any CPU
		{B0B6F89F-97BF-4AA5-87F7-E478379281C4}.Release|Any CPU.Build.0 = Release|Any CPU
		{ED1CBD8F-2F1E-4EB7-99FC-0C751B0AAB40}.Debug|Any CPU.ActiveCfg = Debug|Any CPU
		{ED1CBD8F-2F1E-4EB7-99FC-0C751B0AAB40}.Debug|Any CPU.Build.0 = Debug|Any CPU
		{ED1CBD8F-2F1E-4EB7-99FC-0C751B0AAB40}.Release|Any CPU.ActiveCfg = Release|Any CPU
		{ED1CBD8F-2F1E-4EB7-99FC-0C751B0AAB40}.Release|Any CPU.Build.0 = Release|Any CPU
		{1B539C40-563A-4E85-BBFD-2BD0979470CE}.Debug|Any CPU.ActiveCfg = Debug|Any CPU
		{1B539C40-563A-4E85-BBFD-2BD0979470CE}.Debug|Any CPU.Build.0 = Debug|Any CPU
		{1B539C40-563A-4E85-BBFD-2BD0979470CE}.Release|Any CPU.ActiveCfg = Release|Any CPU
		{1B539C40-563A-4E85-BBFD-2BD0979470CE}.Release|Any CPU.Build.0 = Release|Any CPU
		{58CE98A8-082B-487E-8196-B824E6BBF627}.Debug|Any CPU.ActiveCfg = Debug|Any CPU
		{58CE98A8-082B-487E-8196-B824E6BBF627}.Debug|Any CPU.Build.0 = Debug|Any CPU
		{58CE98A8-082B-487E-8196-B824E6BBF627}.Release|Any CPU.ActiveCfg = Release|Any CPU
		{58CE98A8-082B-487E-8196-B824E6BBF627}.Release|Any CPU.Build.0 = Release|Any CPU
		{DD6221DA-E27F-4F69-A029-4BEDF2CB4DAC}.Debug|Any CPU.ActiveCfg = Debug|Any CPU
		{DD6221DA-E27F-4F69-A029-4BEDF2CB4DAC}.Debug|Any CPU.Build.0 = Debug|Any CPU
		{DD6221DA-E27F-4F69-A029-4BEDF2CB4DAC}.Release|Any CPU.ActiveCfg = Release|Any CPU
		{DD6221DA-E27F-4F69-A029-4BEDF2CB4DAC}.Release|Any CPU.Build.0 = Release|Any CPU
	EndGlobalSection
	GlobalSection(SolutionProperties) = preSolution
		HideSolutionNode = FALSE
	EndGlobalSection
	GlobalSection(NestedProjects) = preSolution
		{DD6221DA-E27F-4F69-A029-4BEDF2CB4DAC} = {150CCFE3-0BC4-4B3A-A29F-1E0F068ED0A7}
	EndGlobalSection
	GlobalSection(ExtensibilityGlobals) = postSolution
		SolutionGuid = {2D074EAB-EA6B-40A7-87C9-F01EF84F239C}
	EndGlobalSection
EndGlobal
